
Microsoft Visual Studio Solution File, Format Version 12.00
# Visual Studio Version 16
VisualStudioVersion = 16.0.31105.61
MinimumVisualStudioVersion = 10.0.40219.1
Project("{FAE04EC0-301F-11D3-BF4B-00C04F79EFBC}") = "EventsXamarin", "EventsXamarin\EventsXamarin\EventsXamarin.csproj", "{E3D2CE79-C366-4A32-A637-AE3362841909}"
EndProject
Project("{FAE04EC0-301F-11D3-BF4B-00C04F79EFBC}") = "EventsXamarin.Android", "EventsXamarin\EventsXamarin.Android\EventsXamarin.Android.csproj", "{E4AA6BDA-4AF6-4B01-824F-09F67B580BA4}"
EndProject
Project("{FAE04EC0-301F-11D3-BF4B-00C04F79EFBC}") = "EventsXamarin.iOS", "EventsXamarin\EventsXamarin.iOS\EventsXamarin.iOS.csproj", "{41FD0EDF-D72E-4EFC-AAE1-9236706191B6}"
EndProject
Global
	GlobalSection(SolutionConfigurationPlatforms) = preSolution
		Ad-Hoc|Any CPU = Ad-Hoc|Any CPU
		Ad-Hoc|iPhone = Ad-Hoc|iPhone
		Ad-Hoc|iPhoneSimulator = Ad-Hoc|iPhoneSimulator
		AppStore|Any CPU = AppStore|Any CPU
		AppStore|iPhone = AppStore|iPhone
		AppStore|iPhoneSimulator = AppStore|iPhoneSimulator
		Debug|Any CPU = Debug|Any CPU
		Debug|iPhone = Debug|iPhone
		Debug|iPhoneSimulator = Debug|iPhoneSimulator
		Release|Any CPU = Release|Any CPU
		Release|iPhone = Release|iPhone
		Release|iPhoneSimulator = Release|iPhoneSimulator
	EndGlobalSection
	GlobalSection(ProjectConfigurationPlatforms) = postSolution
		{E3D2CE79-C366-4A32-A637-AE3362841909}.Ad-Hoc|Any CPU.ActiveCfg = Debug|Any CPU
		{E3D2CE79-C366-4A32-A637-AE3362841909}.Ad-Hoc|Any CPU.Build.0 = Debug|Any CPU
		{E3D2CE79-C366-4A32-A637-AE3362841909}.Ad-Hoc|iPhone.ActiveCfg = Debug|Any CPU
		{E3D2CE79-C366-4A32-A637-AE3362841909}.Ad-Hoc|iPhone.Build.0 = Debug|Any CPU
		{E3D2CE79-C366-4A32-A637-AE3362841909}.Ad-Hoc|iPhoneSimulator.ActiveCfg = Debug|Any CPU
		{E3D2CE79-C366-4A32-A637-AE3362841909}.Ad-Hoc|iPhoneSimulator.Build.0 = Debug|Any CPU
		{E3D2CE79-C366-4A32-A637-AE3362841909}.AppStore|Any CPU.ActiveCfg = Debug|Any CPU
		{E3D2CE79-C366-4A32-A637-AE3362841909}.AppStore|Any CPU.Build.0 = Debug|Any CPU
		{E3D2CE79-C366-4A32-A637-AE3362841909}.AppStore|iPhone.ActiveCfg = Debug|Any CPU
		{E3D2CE79-C366-4A32-A637-AE3362841909}.AppStore|iPhone.Build.0 = Debug|Any CPU
		{E3D2CE79-C366-4A32-A637-AE3362841909}.AppStore|iPhoneSimulator.ActiveCfg = Debug|Any CPU
		{E3D2CE79-C366-4A32-A637-AE3362841909}.AppStore|iPhoneSimulator.Build.0 = Debug|Any CPU
		{E3D2CE79-C366-4A32-A637-AE3362841909}.Debug|Any CPU.ActiveCfg = Debug|Any CPU
		{E3D2CE79-C366-4A32-A637-AE3362841909}.Debug|Any CPU.Build.0 = Debug|Any CPU
		{E3D2CE79-C366-4A32-A637-AE3362841909}.Debug|iPhone.ActiveCfg = Debug|Any CPU
		{E3D2CE79-C366-4A32-A637-AE3362841909}.Debug|iPhone.Build.0 = Debug|Any CPU
		{E3D2CE79-C366-4A32-A637-AE3362841909}.Debug|iPhoneSimulator.ActiveCfg = Debug|Any CPU
		{E3D2CE79-C366-4A32-A637-AE3362841909}.Debug|iPhoneSimulator.Build.0 = Debug|Any CPU
		{E3D2CE79-C366-4A32-A637-AE3362841909}.Release|Any CPU.ActiveCfg = Release|Any CPU
		{E3D2CE79-C366-4A32-A637-AE3362841909}.Release|Any CPU.Build.0 = Release|Any CPU
		{E3D2CE79-C366-4A32-A637-AE3362841909}.Release|iPhone.ActiveCfg = Release|Any CPU
		{E3D2CE79-C366-4A32-A637-AE3362841909}.Release|iPhone.Build.0 = Release|Any CPU
		{E3D2CE79-C366-4A32-A637-AE3362841909}.Release|iPhoneSimulator.ActiveCfg = Release|Any CPU
		{E3D2CE79-C366-4A32-A637-AE3362841909}.Release|iPhoneSimulator.Build.0 = Release|Any CPU
		{E4AA6BDA-4AF6-4B01-824F-09F67B580BA4}.Ad-Hoc|Any CPU.ActiveCfg = Debug|Any CPU
		{E4AA6BDA-4AF6-4B01-824F-09F67B580BA4}.Ad-Hoc|Any CPU.Build.0 = Debug|Any CPU
		{E4AA6BDA-4AF6-4B01-824F-09F67B580BA4}.Ad-Hoc|Any CPU.Deploy.0 = Debug|Any CPU
		{E4AA6BDA-4AF6-4B01-824F-09F67B580BA4}.Ad-Hoc|iPhone.ActiveCfg = Debug|Any CPU
		{E4AA6BDA-4AF6-4B01-824F-09F67B580BA4}.Ad-Hoc|iPhone.Build.0 = Debug|Any CPU
		{E4AA6BDA-4AF6-4B01-824F-09F67B580BA4}.Ad-Hoc|iPhone.Deploy.0 = Debug|Any CPU
		{E4AA6BDA-4AF6-4B01-824F-09F67B580BA4}.Ad-Hoc|iPhoneSimulator.ActiveCfg = Debug|Any CPU
		{E4AA6BDA-4AF6-4B01-824F-09F67B580BA4}.Ad-Hoc|iPhoneSimulator.Build.0 = Debug|Any CPU
		{E4AA6BDA-4AF6-4B01-824F-09F67B580BA4}.Ad-Hoc|iPhoneSimulator.Deploy.0 = Debug|Any CPU
		{E4AA6BDA-4AF6-4B01-824F-09F67B580BA4}.AppStore|Any CPU.ActiveCfg = Debug|Any CPU
		{E4AA6BDA-4AF6-4B01-824F-09F67B580BA4}.AppStore|Any CPU.Build.0 = Debug|Any CPU
		{E4AA6BDA-4AF6-4B01-824F-09F67B580BA4}.AppStore|Any CPU.Deploy.0 = Debug|Any CPU
		{E4AA6BDA-4AF6-4B01-824F-09F67B580BA4}.AppStore|iPhone.ActiveCfg = Debug|Any CPU
		{E4AA6BDA-4AF6-4B01-824F-09F67B580BA4}.AppStore|iPhone.Build.0 = Debug|Any CPU
		{E4AA6BDA-4AF6-4B01-824F-09F67B580BA4}.AppStore|iPhone.Deploy.0 = Debug|Any CPU
		{E4AA6BDA-4AF6-4B01-824F-09F67B580BA4}.AppStore|iPhoneSimulator.ActiveCfg = Debug|Any CPU
		{E4AA6BDA-4AF6-4B01-824F-09F67B580BA4}.AppStore|iPhoneSimulator.Build.0 = Debug|Any CPU
		{E4AA6BDA-4AF6-4B01-824F-09F67B580BA4}.AppStore|iPhoneSimulator.Deploy.0 = Debug|Any CPU
		{E4AA6BDA-4AF6-4B01-824F-09F67B580BA4}.Debug|Any CPU.ActiveCfg = Debug|Any CPU
		{E4AA6BDA-4AF6-4B01-824F-09F67B580BA4}.Debug|Any CPU.Build.0 = Debug|Any CPU
		{E4AA6BDA-4AF6-4B01-824F-09F67B580BA4}.Debug|Any CPU.Deploy.0 = Debug|Any CPU
		{E4AA6BDA-4AF6-4B01-824F-09F67B580BA4}.Debug|iPhone.ActiveCfg = Debug|Any CPU
		{E4AA6BDA-4AF6-4B01-824F-09F67B580BA4}.Debug|iPhone.Build.0 = Debug|Any CPU
		{E4AA6BDA-4AF6-4B01-824F-09F67B580BA4}.Debug|iPhone.Deploy.0 = Debug|Any CPU
		{E4AA6BDA-4AF6-4B01-824F-09F67B580BA4}.Debug|iPhoneSimulator.ActiveCfg = Debug|Any CPU
		{E4AA6BDA-4AF6-4B01-824F-09F67B580BA4}.Debug|iPhoneSimulator.Build.0 = Debug|Any CPU
		{E4AA6BDA-4AF6-4B01-824F-09F67B580BA4}.Debug|iPhoneSimulator.Deploy.0 = Debug|Any CPU
		{E4AA6BDA-4AF6-4B01-824F-09F67B580BA4}.Release|Any CPU.ActiveCfg = Release|Any CPU
		{E4AA6BDA-4AF6-4B01-824F-09F67B580BA4}.Release|Any CPU.Build.0 = Release|Any CPU
		{E4AA6BDA-4AF6-4B01-824F-09F67B580BA4}.Release|Any CPU.Deploy.0 = Release|Any CPU
		{E4AA6BDA-4AF6-4B01-824F-09F67B580BA4}.Release|iPhone.ActiveCfg = Release|Any CPU
		{E4AA6BDA-4AF6-4B01-824F-09F67B580BA4}.Release|iPhone.Build.0 = Release|Any CPU
		{E4AA6BDA-4AF6-4B01-824F-09F67B580BA4}.Release|iPhone.Deploy.0 = Release|Any CPU
		{E4AA6BDA-4AF6-4B01-824F-09F67B580BA4}.Release|iPhoneSimulator.ActiveCfg = Release|Any CPU
		{E4AA6BDA-4AF6-4B01-824F-09F67B580BA4}.Release|iPhoneSimulator.Build.0 = Release|Any CPU
		{E4AA6BDA-4AF6-4B01-824F-09F67B580BA4}.Release|iPhoneSimulator.Deploy.0 = Release|Any CPU
		{41FD0EDF-D72E-4EFC-AAE1-9236706191B6}.Ad-Hoc|Any CPU.ActiveCfg = Ad-Hoc|iPhoneSimulator
		{41FD0EDF-D72E-4EFC-AAE1-9236706191B6}.Ad-Hoc|iPhone.ActiveCfg = Ad-Hoc|iPhone
		{41FD0EDF-D72E-4EFC-AAE1-9236706191B6}.Ad-Hoc|iPhone.Build.0 = Ad-Hoc|iPhone
		{41FD0EDF-D72E-4EFC-AAE1-9236706191B6}.Ad-Hoc|iPhoneSimulator.ActiveCfg = Ad-Hoc|iPhoneSimulator
		{41FD0EDF-D72E-4EFC-AAE1-9236706191B6}.Ad-Hoc|iPhoneSimulator.Build.0 = Ad-Hoc|iPhoneSimulator
		{41FD0EDF-D72E-4EFC-AAE1-9236706191B6}.AppStore|Any CPU.ActiveCfg = AppStore|iPhoneSimulator
		{41FD0EDF-D72E-4EFC-AAE1-9236706191B6}.AppStore|iPhone.ActiveCfg = AppStore|iPhone
		{41FD0EDF-D72E-4EFC-AAE1-9236706191B6}.AppStore|iPhone.Build.0 = AppStore|iPhone
		{41FD0EDF-D72E-4EFC-AAE1-9236706191B6}.AppStore|iPhoneSimulator.ActiveCfg = AppStore|iPhoneSimulator
		{41FD0EDF-D72E-4EFC-AAE1-9236706191B6}.AppStore|iPhoneSimulator.Build.0 = AppStore|iPhoneSimulator
		{41FD0EDF-D72E-4EFC-AAE1-9236706191B6}.Debug|Any CPU.ActiveCfg = Debug|iPhoneSimulator
		{41FD0EDF-D72E-4EFC-AAE1-9236706191B6}.Debug|iPhone.ActiveCfg = Debug|iPhone
		{41FD0EDF-D72E-4EFC-AAE1-9236706191B6}.Debug|iPhone.Build.0 = Debug|iPhone
		{41FD0EDF-D72E-4EFC-AAE1-9236706191B6}.Debug|iPhoneSimulator.ActiveCfg = Debug|iPhoneSimulator
		{41FD0EDF-D72E-4EFC-AAE1-9236706191B6}.Debug|iPhoneSimulator.Build.0 = Debug|iPhoneSimulator
		{41FD0EDF-D72E-4EFC-AAE1-9236706191B6}.Release|Any CPU.ActiveCfg = Release|iPhoneSimulator
		{41FD0EDF-D72E-4EFC-AAE1-9236706191B6}.Release|iPhone.ActiveCfg = Release|iPhone
		{41FD0EDF-D72E-4EFC-AAE1-9236706191B6}.Release|iPhone.Build.0 = Release|iPhone
		{41FD0EDF-D72E-4EFC-AAE1-9236706191B6}.Release|iPhoneSimulator.ActiveCfg = Release|iPhoneSimulator
		{41FD0EDF-D72E-4EFC-AAE1-9236706191B6}.Release|iPhoneSimulator.Build.0 = Release|iPhoneSimulator
	EndGlobalSection
	GlobalSection(SolutionProperties) = preSolution
		HideSolutionNode = FALSE
	EndGlobalSection
	GlobalSection(ExtensibilityGlobals) = postSolution
		SolutionGuid = {245F9EDF-7363-4C6A-8D36-9C20A41C2184}
	EndGlobalSection
EndGlobal
